PODS:
  - Alamofire (4.9.1)
  - MaterialComponents/AnimationTiming (98.0.0)
  - MaterialComponents/Cards (98.0.0):
    - MaterialComponents/Elevation
    - MaterialComponents/Ink
    - MaterialComponents/private/Icons/ic_check_circle
    - MaterialComponents/private/Math
    - MaterialComponents/Ripple
    - MaterialComponents/ShadowLayer
    - MaterialComponents/Shapes
  - MaterialComponents/Elevation (98.0.0):
    - MaterialComponents/private/Color
    - MaterialComponents/private/Math
  - MaterialComponents/Ink (98.0.0):
    - MaterialComponents/private/Color
    - MaterialComponents/private/Math
  - MaterialComponents/private/Color (98.0.0)
  - MaterialComponents/private/Icons/Base (98.0.0)
  - MaterialComponents/private/Icons/ic_check_circle (98.0.0):
    - MaterialComponents/private/Icons/Base
  - MaterialComponents/private/Math (98.0.0)
  - MaterialComponents/Ripple (98.0.0):
    - MaterialComponents/AnimationTiming
    - MaterialComponents/private/Color
    - MaterialComponents/private/Math
  - MaterialComponents/ShadowElevations (98.0.0)
  - MaterialComponents/ShadowLayer (98.0.0):
    - MaterialComponents/ShadowElevations
  - MaterialComponents/Shapes (98.0.0):
    - MaterialComponents/private/Color
    - MaterialComponents/private/Math
    - MaterialComponents/ShadowLayer
  - SDWebImage (5.4.0):
    - SDWebImage/Core (= 5.4.0)
  - SDWebImage/Core (5.4.0)
  - SkyFloatingLabelTextField (3.8.0)
  - SVProgressHUD (2.2.5)
  - Toaster (2.2.0)

DEPENDENCIES:
  - Alamofire (~> 4.9.0)
  - MaterialComponents/Cards
  - MaterialComponents/Ripple
  - SDWebImage (~> 5.0)
  - SkyFloatingLabelTextField (~> 3.0)
  - SVProgressHUD
  - Toaster

SPEC REPOS:
  https://github.com/cocoapods/specs.git:
    - Alamofire
    - MaterialComponents
    - SDWebImage
    - SkyFloatingLabelTextField
    - SVProgressHUD
    - Toaster

SPEC CHECKSUMS:
  Alamofire: 85e8a02c69d6020a0d734f6054870d7ecb75cf18
  MaterialComponents: 2a8b6fb1bf6655d3e2254dadae5edbb05559e1d7
  SDWebImage: 5bf6aec6481ae2a062bdc59f9d6c1d1e552090e0
  SkyFloatingLabelTextField: 5a338412114808e961fe2d14ea2c5452c8b6e4aa
  SVProgressHUD: 1428aafac632c1f86f62aa4243ec12008d7a51d6
  Toaster: c1a81b376edcc2470157b4d1ee1e9341d3b96455

PODFILE CHECKSUM: d741e3ed2fd045f5b2060620669ef6fb44f7685c

COCOAPODS: 1.5.3
