// !$*UTF8*$!
{
	archiveVersion = 1;
	classes = {
	};
	objectVersion = 51;
	objects = {

/* Begin PBXBuildFile section */
		3D004AEB23BE5E4A00755ED1 /* ChatViewController.swift in Sources */ = {isa = PBXBuildFile; fileRef = 3D004AEA23BE5E4A00755ED1 /* ChatViewController.swift */; };
		3D004AED23BE681E00755ED1 /* ChatDataSource.swift in Sources */ = {isa = PBXBuildFile; fileRef = 3D004AEC23BE681E00755ED1 /* ChatDataSource.swift */; };
		3D004AEF23BE690B00755ED1 /* SlidingDataSource.swift in Sources */ = {isa = PBXBuildFile; fileRef = 3D004AEE23BE690B00755ED1 /* SlidingDataSource.swift */; };
		3D004AF123BE6AD700755ED1 /* TextMsgModel.swift in Sources */ = {isa = PBXBuildFile; fileRef = 3D004AF023BE6AD700755ED1 /* TextMsgModel.swift */; };
		3D004AF323BE6B7E00755ED1 /* BaseMsgModel.swift in Sources */ = {isa = PBXBuildFile; fileRef = 3D004AF223BE6B7E00755ED1 /* BaseMsgModel.swift */; };
		3D004AF523BE6DD400755ED1 /* ChatTextMsgModel.swift in Sources */ = {isa = PBXBuildFile; fileRef = 3D004AF423BE6DD400755ED1 /* ChatTextMsgModel.swift */; };
		3D004AF723BE6E4F00755ED1 /* ChatMsgSender.swift in Sources */ = {isa = PBXBuildFile; fileRef = 3D004AF623BE6E4F00755ED1 /* ChatMsgSender.swift */; };
		3D004AFE23BE702200755ED1 /* ChatMsgFactory.swift in Sources */ = {isa = PBXBuildFile; fileRef = 3D004AFD23BE702200755ED1 /* ChatMsgFactory.swift */; };
		3D151B7F23B3C025000395C9 /* ForgotPasswordViewController.swift in Sources */ = {isa = PBXBuildFile; fileRef = 3D151B7E23B3C025000395C9 /* ForgotPasswordViewController.swift */; };
		3D151B8223B3C205000395C9 /* WebService.swift in Sources */ = {isa = PBXBuildFile; fileRef = 3D151B8123B3C205000395C9 /* WebService.swift */; };
		3D151B8423B3C9A7000395C9 /* APIResponseStruct.swift in Sources */ = {isa = PBXBuildFile; fileRef = 3D151B8323B3C9A7000395C9 /* APIResponseStruct.swift */; };
		3D4B51CE23C7B31A00F32708 /* StructProductForSignUp.swift in Sources */ = {isa = PBXBuildFile; fileRef = 3D4B51CD23C7B31A00F32708 /* StructProductForSignUp.swift */; };
		3D8F593423AF2D6E00FA5A67 /* AppDelegate.swift in Sources */ = {isa = PBXBuildFile; fileRef = 3D8F593323AF2D6E00FA5A67 /* AppDelegate.swift */; };
		3D8F593623AF2D6E00FA5A67 /* SceneDelegate.swift in Sources */ = {isa = PBXBuildFile; fileRef = 3D8F593523AF2D6E00FA5A67 /* SceneDelegate.swift */; };
		3D8F593823AF2D6E00FA5A67 /* ViewController.swift in Sources */ = {isa = PBXBuildFile; fileRef = 3D8F593723AF2D6E00FA5A67 /* ViewController.swift */; };
		3D8F593B23AF2D6E00FA5A67 /* Main.storyboard in Resources */ = {isa = PBXBuildFile; fileRef = 3D8F593923AF2D6E00FA5A67 /* Main.storyboard */; };
		3D8F593D23AF2D6F00FA5A67 /* Assets.xcassets in Resources */ = {isa = PBXBuildFile; fileRef = 3D8F593C23AF2D6F00FA5A67 /* Assets.xcassets */; };
		3D8F594023AF2D6F00FA5A67 /* LaunchScreen.storyboard in Resources */ = {isa = PBXBuildFile; fileRef = 3D8F593E23AF2D6F00FA5A67 /* LaunchScreen.storyboard */; };
		3DB5101923B13468007403A7 /* SignUpViewController.swift in Sources */ = {isa = PBXBuildFile; fileRef = 3DB5101823B13468007403A7 /* SignUpViewController.swift */; };
		3DB5FE2E23BA95C3006D2287 /* HomePagerViewController.swift in Sources */ = {isa = PBXBuildFile; fileRef = 3DB5FE2D23BA95C3006D2287 /* HomePagerViewController.swift */; };
		3DB5FE3123BA9735006D2287 /* HomeSearchViewController.swift in Sources */ = {isa = PBXBuildFile; fileRef = 3DB5FE3023BA9735006D2287 /* HomeSearchViewController.swift */; };
		3DB5FE3623BA9C28006D2287 /* MostPopularViewController.swift in Sources */ = {isa = PBXBuildFile; fileRef = 3DB5FE3523BA9C28006D2287 /* MostPopularViewController.swift */; };
		3DB5FE3D23BAAB28006D2287 /* HomeViewController.swift in Sources */ = {isa = PBXBuildFile; fileRef = 3DB5FE3C23BAAB28006D2287 /* HomeViewController.swift */; };
		3DB5FE3F23BAAB33006D2287 /* HomeCollectionViewCell.swift in Sources */ = {isa = PBXBuildFile; fileRef = 3DB5FE3E23BAAB33006D2287 /* HomeCollectionViewCell.swift */; };
		3DB5FE4123BAB8B4006D2287 /* SelectCategoryViewController.swift in Sources */ = {isa = PBXBuildFile; fileRef = 3DB5FE4023BAB8B4006D2287 /* SelectCategoryViewController.swift */; };
		3DB74AA623C5374D00AFF7A2 /* AddressesViewController.swift in Sources */ = {isa = PBXBuildFile; fileRef = 3DB74AA523C5374D00AFF7A2 /* AddressesViewController.swift */; };
		3DB74AA823C5376A00AFF7A2 /* BSAddAddressViewController.swift in Sources */ = {isa = PBXBuildFile; fileRef = 3DB74AA723C5376A00AFF7A2 /* BSAddAddressViewController.swift */; };
		3DB74AAB23C53CCA00AFF7A2 /* StructAddresses.swift in Sources */ = {isa = PBXBuildFile; fileRef = 3DB74AAA23C53CCA00AFF7A2 /* StructAddresses.swift */; };
		3DC07CF223BD237900CD2E21 /* ChatBaseViewController.swift in Sources */ = {isa = PBXBuildFile; fileRef = 3DC07CF123BD237900CD2E21 /* ChatBaseViewController.swift */; };
		3DD57BEF23B14D3100819C4A /* ConsumerViewController.swift in Sources */ = {isa = PBXBuildFile; fileRef = 3DD57BEE23B14D3100819C4A /* ConsumerViewController.swift */; };
		3DD57BF123B155E000819C4A /* HomeNavigationController.swift in Sources */ = {isa = PBXBuildFile; fileRef = 3DD57BF023B155E000819C4A /* HomeNavigationController.swift */; };
		3DD57BF323B15C7900819C4A /* ProductInfoViewController.swift in Sources */ = {isa = PBXBuildFile; fileRef = 3DD57BF223B15C7900819C4A /* ProductInfoViewController.swift */; };
		3DDB92E423B8AA6200333E82 /* StructProduct.swift in Sources */ = {isa = PBXBuildFile; fileRef = 3DDB92E323B8AA6200333E82 /* StructProduct.swift */; };
		3DDCCB5F23B7CB0600E55E70 /* StructSubCategories.swift in Sources */ = {isa = PBXBuildFile; fileRef = 3DDCCB5E23B7CB0600E55E70 /* StructSubCategories.swift */; };
		3DF3D34223B5188900F3C708 /* PartnerViewController.swift in Sources */ = {isa = PBXBuildFile; fileRef = 3DF3D34123B5188900F3C708 /* PartnerViewController.swift */; };
		3DF3D34423B51C9000F3C708 /* JCUIImagePickerManager.swift in Sources */ = {isa = PBXBuildFile; fileRef = 3DF3D34323B51C9000F3C708 /* JCUIImagePickerManager.swift */; };
		3DF3D34623B5520300F3C708 /* AddProductViewController.swift in Sources */ = {isa = PBXBuildFile; fileRef = 3DF3D34523B5520300F3C708 /* AddProductViewController.swift */; };
		3DF3D34823B553DC00F3C708 /* StructCategories.swift in Sources */ = {isa = PBXBuildFile; fileRef = 3DF3D34723B553DC00F3C708 /* StructCategories.swift */; };
		3DF9153423B3D26200F28F52 /* APIs.swift in Sources */ = {isa = PBXBuildFile; fileRef = 3DF9153323B3D26200F28F52 /* APIs.swift */; };
		3DFBC0C023AF78D7003EF278 /* NotificationViewController.swift in Sources */ = {isa = PBXBuildFile; fileRef = 3DFBC0BF23AF78D7003EF278 /* NotificationViewController.swift */; };
		3DFBC0C223AF78E5003EF278 /* MesasgeViewController.swift in Sources */ = {isa = PBXBuildFile; fileRef = 3DFBC0C123AF78E5003EF278 /* MesasgeViewController.swift */; };
		3DFBC0C423AF78F9003EF278 /* SettingsViewController.swift in Sources */ = {isa = PBXBuildFile; fileRef = 3DFBC0C323AF78F9003EF278 /* SettingsViewController.swift */; };
		3DFBC0C623AF7981003EF278 /* HomeTabBarViewController.swift in Sources */ = {isa = PBXBuildFile; fileRef = 3DFBC0C523AF7981003EF278 /* HomeTabBarViewController.swift */; };
		3DFBC0C923AF7C48003EF278 /* Utils.swift in Sources */ = {isa = PBXBuildFile; fileRef = 3DFBC0C823AF7C48003EF278 /* Utils.swift */; };
		3DFBC0CE23AF8420003EF278 /* HomeStruct.swift in Sources */ = {isa = PBXBuildFile; fileRef = 3DFBC0CD23AF8420003EF278 /* HomeStruct.swift */; };
		3DFF72D523C3CBA60087E034 /* ProductListViewController.swift in Sources */ = {isa = PBXBuildFile; fileRef = 3DFF72D423C3CBA60087E034 /* ProductListViewController.swift */; };
		48FCD9006AAE0DF8EE019800 /* Pods_GavelGo.framework in Frameworks */ = {isa = PBXBuildFile; fileRef = 5AD35C0626E8B356FC212085 /* Pods_GavelGo.framework */; };
/* End PBXBuildFile section */

/* Begin PBXFileReference section */
		1FFE5BC1B03B27533FD460DB /* Pods-GavelGo.release.xcconfig */ = {isa = PBXFileReference; includeInIndex = 1; lastKnownFileType = text.xcconfig; name = "Pods-GavelGo.release.xcconfig"; path = "Pods/Target Support Files/Pods-GavelGo/Pods-GavelGo.release.xcconfig"; sourceTree = "<group>"; };
		3D004AEA23BE5E4A00755ED1 /* ChatViewController.swift */ = {isa = PBXFileReference; lastKnownFileType = sourcecode.swift; path = ChatViewController.swift; sourceTree = "<group>"; };
		3D004AEC23BE681E00755ED1 /* ChatDataSource.swift */ = {isa = PBXFileReference; lastKnownFileType = sourcecode.swift; path = ChatDataSource.swift; sourceTree = "<group>"; };
		3D004AEE23BE690B00755ED1 /* SlidingDataSource.swift */ = {isa = PBXFileReference; lastKnownFileType = sourcecode.swift; path = SlidingDataSource.swift; sourceTree = "<group>"; };
		3D004AF023BE6AD700755ED1 /* TextMsgModel.swift */ = {isa = PBXFileReference; lastKnownFileType = sourcecode.swift; path = TextMsgModel.swift; sourceTree = "<group>"; };
		3D004AF223BE6B7E00755ED1 /* BaseMsgModel.swift */ = {isa = PBXFileReference; lastKnownFileType = sourcecode.swift; path = BaseMsgModel.swift; sourceTree = "<group>"; };
		3D004AF423BE6DD400755ED1 /* ChatTextMsgModel.swift */ = {isa = PBXFileReference; lastKnownFileType = sourcecode.swift; path = ChatTextMsgModel.swift; sourceTree = "<group>"; };
		3D004AF623BE6E4F00755ED1 /* ChatMsgSender.swift */ = {isa = PBXFileReference; lastKnownFileType = sourcecode.swift; path = ChatMsgSender.swift; sourceTree = "<group>"; };
		3D004AFD23BE702200755ED1 /* ChatMsgFactory.swift */ = {isa = PBXFileReference; lastKnownFileType = sourcecode.swift; path = ChatMsgFactory.swift; sourceTree = "<group>"; };
		3D151B7E23B3C025000395C9 /* ForgotPasswordViewController.swift */ = {isa = PBXFileReference; lastKnownFileType = sourcecode.swift; path = ForgotPasswordViewController.swift; sourceTree = "<group>"; };
		3D151B8123B3C205000395C9 /* WebService.swift */ = {isa = PBXFileReference; lastKnownFileType = sourcecode.swift; path = WebService.swift; sourceTree = "<group>"; };
		3D151B8323B3C9A7000395C9 /* APIResponseStruct.swift */ = {isa = PBXFileReference; lastKnownFileType = sourcecode.swift; path = APIResponseStruct.swift; sourceTree = "<group>"; };
		3D4B51CD23C7B31A00F32708 /* StructProductForSignUp.swift */ = {isa = PBXFileReference; lastKnownFileType = sourcecode.swift; path = StructProductForSignUp.swift; sourceTree = "<group>"; };
		3D8F593023AF2D6E00FA5A67 /* GavelGo.app */ = {isa = PBXFileReference; explicitFileType = wrapper.application; includeInIndex = 0; path = GavelGo.app; sourceTree = BUILT_PRODUCTS_DIR; };
		3D8F593323AF2D6E00FA5A67 /* AppDelegate.swift */ = {isa = PBXFileReference; lastKnownFileType = sourcecode.swift; path = AppDelegate.swift; sourceTree = "<group>"; };
		3D8F593523AF2D6E00FA5A67 /* SceneDelegate.swift */ = {isa = PBXFileReference; lastKnownFileType = sourcecode.swift; path = SceneDelegate.swift; sourceTree = "<group>"; };
		3D8F593723AF2D6E00FA5A67 /* ViewController.swift */ = {isa = PBXFileReference; lastKnownFileType = sourcecode.swift; path = ViewController.swift; sourceTree = "<group>"; };
		3D8F593A23AF2D6E00FA5A67 /* Base */ = {isa = PBXFileReference; lastKnownFileType = file.storyboard; name = Base; path = Base.lproj/Main.storyboard; sourceTree = "<group>"; };
		3D8F593C23AF2D6F00FA5A67 /* Assets.xcassets */ = {isa = PBXFileReference; lastKnownFileType = folder.assetcatalog; path = Assets.xcassets; sourceTree = "<group>"; };
		3D8F593F23AF2D6F00FA5A67 /* Base */ = {isa = PBXFileReference; lastKnownFileType = file.storyboard; name = Base; path = Base.lproj/LaunchScreen.storyboard; sourceTree = "<group>"; };
		3D8F594123AF2D6F00FA5A67 /* Info.plist */ = {isa = PBXFileReference; lastKnownFileType = text.plist.xml; path = Info.plist; sourceTree = "<group>"; };
		3DB5101823B13468007403A7 /* SignUpViewController.swift */ = {isa = PBXFileReference; lastKnownFileType = sourcecode.swift; path = SignUpViewController.swift; sourceTree = "<group>"; };
		3DB5FE2D23BA95C3006D2287 /* HomePagerViewController.swift */ = {isa = PBXFileReference; lastKnownFileType = sourcecode.swift; path = HomePagerViewController.swift; sourceTree = "<group>"; };
		3DB5FE3023BA9735006D2287 /* HomeSearchViewController.swift */ = {isa = PBXFileReference; lastKnownFileType = sourcecode.swift; path = HomeSearchViewController.swift; sourceTree = "<group>"; };
		3DB5FE3523BA9C28006D2287 /* MostPopularViewController.swift */ = {isa = PBXFileReference; lastKnownFileType = sourcecode.swift; path = MostPopularViewController.swift; sourceTree = "<group>"; };
		3DB5FE3C23BAAB28006D2287 /* HomeViewController.swift */ = {isa = PBXFileReference; fileEncoding = 4; lastKnownFileType = sourcecode.swift; path = HomeViewController.swift; sourceTree = "<group>"; };
		3DB5FE3E23BAAB33006D2287 /* HomeCollectionViewCell.swift */ = {isa = PBXFileReference; fileEncoding = 4; lastKnownFileType = sourcecode.swift; path = HomeCollectionViewCell.swift; sourceTree = "<group>"; };
		3DB5FE4023BAB8B4006D2287 /* SelectCategoryViewController.swift */ = {isa = PBXFileReference; lastKnownFileType = sourcecode.swift; path = SelectCategoryViewController.swift; sourceTree = "<group>"; };
		3DB74AA523C5374D00AFF7A2 /* AddressesViewController.swift */ = {isa = PBXFileReference; lastKnownFileType = sourcecode.swift; path = AddressesViewController.swift; sourceTree = "<group>"; };
		3DB74AA723C5376A00AFF7A2 /* BSAddAddressViewController.swift */ = {isa = PBXFileReference; lastKnownFileType = sourcecode.swift; path = BSAddAddressViewController.swift; sourceTree = "<group>"; };
		3DB74AAA23C53CCA00AFF7A2 /* StructAddresses.swift */ = {isa = PBXFileReference; lastKnownFileType = sourcecode.swift; path = StructAddresses.swift; sourceTree = "<group>"; };
		3DC07CF123BD237900CD2E21 /* ChatBaseViewController.swift */ = {isa = PBXFileReference; lastKnownFileType = sourcecode.swift; path = ChatBaseViewController.swift; sourceTree = "<group>"; };
		3DD57BEE23B14D3100819C4A /* ConsumerViewController.swift */ = {isa = PBXFileReference; lastKnownFileType = sourcecode.swift; path = ConsumerViewController.swift; sourceTree = "<group>"; };
		3DD57BF023B155E000819C4A /* HomeNavigationController.swift */ = {isa = PBXFileReference; lastKnownFileType = sourcecode.swift; path = HomeNavigationController.swift; sourceTree = "<group>"; };
		3DD57BF223B15C7900819C4A /* ProductInfoViewController.swift */ = {isa = PBXFileReference; lastKnownFileType = sourcecode.swift; path = ProductInfoViewController.swift; sourceTree = "<group>"; };
		3DDB92E323B8AA6200333E82 /* StructProduct.swift */ = {isa = PBXFileReference; lastKnownFileType = sourcecode.swift; path = StructProduct.swift; sourceTree = "<group>"; };
		3DDCCB5E23B7CB0600E55E70 /* StructSubCategories.swift */ = {isa = PBXFileReference; lastKnownFileType = sourcecode.swift; path = StructSubCategories.swift; sourceTree = "<group>"; };
		3DF3D34123B5188900F3C708 /* PartnerViewController.swift */ = {isa = PBXFileReference; lastKnownFileType = sourcecode.swift; path = PartnerViewController.swift; sourceTree = "<group>"; };
		3DF3D34323B51C9000F3C708 /* JCUIImagePickerManager.swift */ = {isa = PBXFileReference; lastKnownFileType = sourcecode.swift; path = JCUIImagePickerManager.swift; sourceTree = "<group>"; };
		3DF3D34523B5520300F3C708 /* AddProductViewController.swift */ = {isa = PBXFileReference; lastKnownFileType = sourcecode.swift; path = AddProductViewController.swift; sourceTree = "<group>"; };
		3DF3D34723B553DC00F3C708 /* StructCategories.swift */ = {isa = PBXFileReference; lastKnownFileType = sourcecode.swift; path = StructCategories.swift; sourceTree = "<group>"; };
		3DF9153323B3D26200F28F52 /* APIs.swift */ = {isa = PBXFileReference; lastKnownFileType = sourcecode.swift; path = APIs.swift; sourceTree = "<group>"; };
		3DFBC0BF23AF78D7003EF278 /* NotificationViewController.swift */ = {isa = PBXFileReference; lastKnownFileType = sourcecode.swift; path = NotificationViewController.swift; sourceTree = "<group>"; };
		3DFBC0C123AF78E5003EF278 /* MesasgeViewController.swift */ = {isa = PBXFileReference; lastKnownFileType = sourcecode.swift; path = MesasgeViewController.swift; sourceTree = "<group>"; };
		3DFBC0C323AF78F9003EF278 /* SettingsViewController.swift */ = {isa = PBXFileReference; lastKnownFileType = sourcecode.swift; path = SettingsViewController.swift; sourceTree = "<group>"; };
		3DFBC0C523AF7981003EF278 /* HomeTabBarViewController.swift */ = {isa = PBXFileReference; lastKnownFileType = sourcecode.swift; path = HomeTabBarViewController.swift; sourceTree = "<group>"; };
		3DFBC0C823AF7C48003EF278 /* Utils.swift */ = {isa = PBXFileReference; lastKnownFileType = sourcecode.swift; path = Utils.swift; sourceTree = "<group>"; };
		3DFBC0CD23AF8420003EF278 /* HomeStruct.swift */ = {isa = PBXFileReference; lastKnownFileType = sourcecode.swift; path = HomeStruct.swift; sourceTree = "<group>"; };
		3DFF72D423C3CBA60087E034 /* ProductListViewController.swift */ = {isa = PBXFileReference; lastKnownFileType = sourcecode.swift; path = ProductListViewController.swift; sourceTree = "<group>"; };
		4DEF771AFA9D62E13421F18D /* Pods-GavelGo.debug.xcconfig */ = {isa = PBXFileReference; includeInIndex = 1; lastKnownFileType = text.xcconfig; name = "Pods-GavelGo.debug.xcconfig"; path = "Pods/Target Support Files/Pods-GavelGo/Pods-GavelGo.debug.xcconfig"; sourceTree = "<group>"; };
		5AD35C0626E8B356FC212085 /* Pods_GavelGo.framework */ = {isa = PBXFileReference; explicitFileType = wrapper.framework; includeInIndex = 0; path = Pods_GavelGo.framework; sourceTree = BUILT_PRODUCTS_DIR; };
/* End PBXFileReference section */

/* Begin PBXFrameworksBuildPhase section */
		3D8F592D23AF2D6E00FA5A67 /* Frameworks */ = {
			isa = PBXFrameworksBuildPhase;
			buildActionMask = 2147483647;
			files = (
				48FCD9006AAE0DF8EE019800 /* Pods_GavelGo.framework in Frameworks */,
			);
			runOnlyForDeploymentPostprocessing = 0;
		};
/* End PBXFrameworksBuildPhase section */

/* Begin PBXGroup section */
		3D004AF823BE6F6C00755ED1 /* CustomChatModels */ = {
			isa = PBXGroup;
			children = (
				3D004AF023BE6AD700755ED1 /* TextMsgModel.swift */,
				3D004AF223BE6B7E00755ED1 /* BaseMsgModel.swift */,
				3D004AF423BE6DD400755ED1 /* ChatTextMsgModel.swift */,
			);
			path = CustomChatModels;
			sourceTree = "<group>";
		};
		3D004AFA23BE6FA500755ED1 /* CustomDataSources */ = {
			isa = PBXGroup;
			children = (
				3D004AEC23BE681E00755ED1 /* ChatDataSource.swift */,
				3D004AEE23BE690B00755ED1 /* SlidingDataSource.swift */,
			);
			path = CustomDataSources;
			sourceTree = "<group>";
		};
		3D004AFB23BE6FC600755ED1 /* Extras */ = {
			isa = PBXGroup;
			children = (
				3D004AF623BE6E4F00755ED1 /* ChatMsgSender.swift */,
			);
			path = Extras;
			sourceTree = "<group>";
		};
		3D004AFC23BE700E00755ED1 /* Factories */ = {
			isa = PBXGroup;
			children = (
				3D004AFD23BE702200755ED1 /* ChatMsgFactory.swift */,
			);
			path = Factories;
			sourceTree = "<group>";
		};
		3D151B7C23B3BFC1000395C9 /* LogInScreen */ = {
			isa = PBXGroup;
			children = (
				3D8F593723AF2D6E00FA5A67 /* ViewController.swift */,
				3D151B7E23B3C025000395C9 /* ForgotPasswordViewController.swift */,
			);
			path = LogInScreen;
			sourceTree = "<group>";
		};
		3D151B7D23B3BFE1000395C9 /* SignUp Screen */ = {
			isa = PBXGroup;
			children = (
				3DB5101823B13468007403A7 /* SignUpViewController.swift */,
				3DFF72D323C3CB330087E034 /* Consumer */,
				3DFF72D223C3CB200087E034 /* Partner */,
			);
			path = "SignUp Screen";
			sourceTree = "<group>";
		};
		3D151B8023B3C1E9000395C9 /* Networking */ = {
			isa = PBXGroup;
			children = (
				3D151B8123B3C205000395C9 /* WebService.swift */,
				3DF9153323B3D26200F28F52 /* APIs.swift */,
			);
			path = Networking;
			sourceTree = "<group>";
		};
		3D8F592723AF2D6E00FA5A67 = {
			isa = PBXGroup;
			children = (
				3D8F593223AF2D6E00FA5A67 /* GavelGo */,
				3D8F593123AF2D6E00FA5A67 /* Products */,
				50D13AFE830122B01F3A6E6E /* Pods */,
				EE337787DA5B6C8EA3C552A1 /* Frameworks */,
			);
			sourceTree = "<group>";
		};
		3D8F593123AF2D6E00FA5A67 /* Products */ = {
			isa = PBXGroup;
			children = (
				3D8F593023AF2D6E00FA5A67 /* GavelGo.app */,
			);
			name = Products;
			sourceTree = "<group>";
		};
		3D8F593223AF2D6E00FA5A67 /* GavelGo */ = {
			isa = PBXGroup;
			children = (
				3DFBC0C723AF7C31003EF278 /* Extra */,
				3D8F594A23AF338400FA5A67 /* Delegates */,
				3D8F594923AF335E00FA5A67 /* Controller */,
				3D8F594823AF335500FA5A67 /* Model */,
				3D8F594723AF334C00FA5A67 /* View */,
				3D8F593C23AF2D6F00FA5A67 /* Assets.xcassets */,
				3D8F594123AF2D6F00FA5A67 /* Info.plist */,
			);
			path = GavelGo;
			sourceTree = "<group>";
		};
		3D8F594723AF334C00FA5A67 /* View */ = {
			isa = PBXGroup;
			children = (
				3D8F593923AF2D6E00FA5A67 /* Main.storyboard */,
				3D8F593E23AF2D6F00FA5A67 /* LaunchScreen.storyboard */,
			);
			path = View;
			sourceTree = "<group>";
		};
		3D8F594823AF335500FA5A67 /* Model */ = {
			isa = PBXGroup;
			children = (
				3DB74AA923C53CA400AFF7A2 /* SignUpModels */,
				3D151B8023B3C1E9000395C9 /* Networking */,
				3DFBC0CD23AF8420003EF278 /* HomeStruct.swift */,
				3D151B8323B3C9A7000395C9 /* APIResponseStruct.swift */,
				3DF3D34723B553DC00F3C708 /* StructCategories.swift */,
				3DDCCB5E23B7CB0600E55E70 /* StructSubCategories.swift */,
				3DDB92E323B8AA6200333E82 /* StructProduct.swift */,
			);
			path = Model;
			sourceTree = "<group>";
		};
		3D8F594923AF335E00FA5A67 /* Controller */ = {
			isa = PBXGroup;
			children = (
				3D151B7D23B3BFE1000395C9 /* SignUp Screen */,
				3D151B7C23B3BFC1000395C9 /* LogInScreen */,
				3DFBC0BC23AF78A8003EF278 /* MainDashboard */,
			);
			path = Controller;
			sourceTree = "<group>";
		};
		3D8F594A23AF338400FA5A67 /* Delegates */ = {
			isa = PBXGroup;
			children = (
				3D8F593323AF2D6E00FA5A67 /* AppDelegate.swift */,
				3D8F593523AF2D6E00FA5A67 /* SceneDelegate.swift */,
			);
			path = Delegates;
			sourceTree = "<group>";
		};
		3DB5FE2F23BA96D7006D2287 /* Home */ = {
			isa = PBXGroup;
			children = (
				3DB5FE2D23BA95C3006D2287 /* HomePagerViewController.swift */,
				3DB5FE3023BA9735006D2287 /* HomeSearchViewController.swift */,
				3DB5FE3523BA9C28006D2287 /* MostPopularViewController.swift */,
				3DB5FE3C23BAAB28006D2287 /* HomeViewController.swift */,
				3DD57BF223B15C7900819C4A /* ProductInfoViewController.swift */,
				3DFBC0CA23AF8212003EF278 /* Cell */,
			);
			path = Home;
			sourceTree = "<group>";
		};
		3DB5FE3223BA980A006D2287 /* Notification */ = {
			isa = PBXGroup;
			children = (
				3DFBC0BF23AF78D7003EF278 /* NotificationViewController.swift */,
			);
			path = Notification;
			sourceTree = "<group>";
		};
		3DB5FE3323BA9817006D2287 /* Message */ = {
			isa = PBXGroup;
			children = (
				3D004AFC23BE700E00755ED1 /* Factories */,
				3D004AFB23BE6FC600755ED1 /* Extras */,
				3D004AFA23BE6FA500755ED1 /* CustomDataSources */,
				3D004AF823BE6F6C00755ED1 /* CustomChatModels */,
				3DFBC0C123AF78E5003EF278 /* MesasgeViewController.swift */,
				3DC07CF123BD237900CD2E21 /* ChatBaseViewController.swift */,
				3D004AEA23BE5E4A00755ED1 /* ChatViewController.swift */,
			);
			path = Message;
			sourceTree = "<group>";
		};
		3DB5FE3423BA9822006D2287 /* Settings */ = {
			isa = PBXGroup;
			children = (
				3DFBC0C323AF78F9003EF278 /* SettingsViewController.swift */,
			);
			path = Settings;
			sourceTree = "<group>";
		};
		3DB74AA923C53CA400AFF7A2 /* SignUpModels */ = {
			isa = PBXGroup;
			children = (
				3DB74AAA23C53CCA00AFF7A2 /* StructAddresses.swift */,
				3D4B51CD23C7B31A00F32708 /* StructProductForSignUp.swift */,
			);
			path = SignUpModels;
			sourceTree = "<group>";
		};
		3DFBC0BC23AF78A8003EF278 /* MainDashboard */ = {
			isa = PBXGroup;
			children = (
				3DB5FE3423BA9822006D2287 /* Settings */,
				3DB5FE3323BA9817006D2287 /* Message */,
				3DB5FE3223BA980A006D2287 /* Notification */,
				3DB5FE2F23BA96D7006D2287 /* Home */,
				3DD57BF023B155E000819C4A /* HomeNavigationController.swift */,
				3DFBC0C523AF7981003EF278 /* HomeTabBarViewController.swift */,
			);
			path = MainDashboard;
			sourceTree = "<group>";
		};
		3DFBC0C723AF7C31003EF278 /* Extra */ = {
			isa = PBXGroup;
			children = (
				3DFBC0C823AF7C48003EF278 /* Utils.swift */,
				3DF3D34323B51C9000F3C708 /* JCUIImagePickerManager.swift */,
			);
			path = Extra;
			sourceTree = "<group>";
		};
		3DFBC0CA23AF8212003EF278 /* Cell */ = {
			isa = PBXGroup;
			children = (
				3DB5FE3E23BAAB33006D2287 /* HomeCollectionViewCell.swift */,
			);
			path = Cell;
			sourceTree = "<group>";
		};
		3DFF72D223C3CB200087E034 /* Partner */ = {
			isa = PBXGroup;
			children = (
				3DF3D34123B5188900F3C708 /* PartnerViewController.swift */,
				3DFF72D423C3CBA60087E034 /* ProductListViewController.swift */,
				3DF3D34523B5520300F3C708 /* AddProductViewController.swift */,
				3DB5FE4023BAB8B4006D2287 /* SelectCategoryViewController.swift */,
				3DB74AA523C5374D00AFF7A2 /* AddressesViewController.swift */,
				3DB74AA723C5376A00AFF7A2 /* BSAddAddressViewController.swift */,
			);
			path = Partner;
			sourceTree = "<group>";
		};
		3DFF72D323C3CB330087E034 /* Consumer */ = {
			isa = PBXGroup;
			children = (
				3DD57BEE23B14D3100819C4A /* ConsumerViewController.swift */,
			);
			path = Consumer;
			sourceTree = "<group>";
		};
		50D13AFE830122B01F3A6E6E /* Pods */ = {
			isa = PBXGroup;
			children = (
				4DEF771AFA9D62E13421F18D /* Pods-GavelGo.debug.xcconfig */,
				1FFE5BC1B03B27533FD460DB /* Pods-GavelGo.release.xcconfig */,
			);
			name = Pods;
			sourceTree = "<group>";
		};
		EE337787DA5B6C8EA3C552A1 /* Frameworks */ = {
			isa = PBXGroup;
			children = (
				5AD35C0626E8B356FC212085 /* Pods_GavelGo.framework */,
			);
			name = Frameworks;
			sourceTree = "<group>";
		};
/* End PBXGroup section */

/* Begin PBXNativeTarget section */
		3D8F592F23AF2D6E00FA5A67 /* GavelGo */ = {
			isa = PBXNativeTarget;
			buildConfigurationList = 3D8F594423AF2D6F00FA5A67 /* Build configuration list for PBXNativeTarget "GavelGo" */;
			buildPhases = (
				9DC2E5EE2C0F154EC95F031A /* [CP] Check Pods Manifest.lock */,
				3D8F592C23AF2D6E00FA5A67 /* Sources */,
				3D8F592D23AF2D6E00FA5A67 /* Frameworks */,
				3D8F592E23AF2D6E00FA5A67 /* Resources */,
				DE09B6B4445C1BBE6827B6A6 /* [CP] Embed Pods Frameworks */,
			);
			buildRules = (
			);
			dependencies = (
			);
			name = GavelGo;
			productName = GavelGo;
			productReference = 3D8F593023AF2D6E00FA5A67 /* GavelGo.app */;
			productType = "com.apple.product-type.application";
		};
/* End PBXNativeTarget section */

/* Begin PBXProject section */
		3D8F592823AF2D6E00FA5A67 /* Project object */ = {
			isa = PBXProject;
			attributes = {
				LastSwiftUpdateCheck = 1100;
				LastUpgradeCheck = 1100;
				ORGANIZATIONNAME = Minder;
				TargetAttributes = {
					3D8F592F23AF2D6E00FA5A67 = {
						CreatedOnToolsVersion = 11.0;
					};
				};
			};
			buildConfigurationList = 3D8F592B23AF2D6E00FA5A67 /* Build configuration list for PBXProject "GavelGo" */;
			compatibilityVersion = "Xcode 9.3";
			developmentRegion = en;
			hasScannedForEncodings = 0;
			knownRegions = (
				en,
				Base,
			);
			mainGroup = 3D8F592723AF2D6E00FA5A67;
			productRefGroup = 3D8F593123AF2D6E00FA5A67 /* Products */;
			projectDirPath = "";
			projectRoot = "";
			targets = (
				3D8F592F23AF2D6E00FA5A67 /* GavelGo */,
			);
		};
/* End PBXProject section */

/* Begin PBXResourcesBuildPhase section */
		3D8F592E23AF2D6E00FA5A67 /* Resources */ = {
			isa = PBXResourcesBuildPhase;
			buildActionMask = 2147483647;
			files = (
				3D8F594023AF2D6F00FA5A67 /* LaunchScreen.storyboard in Resources */,
				3D8F593D23AF2D6F00FA5A67 /* Assets.xcassets in Resources */,
				3D8F593B23AF2D6E00FA5A67 /* Main.storyboard in Resources */,
			);
			runOnlyForDeploymentPostprocessing = 0;
		};
/* End PBXResourcesBuildPhase section */

/* Begin PBXShellScriptBuildPhase section */
		9DC2E5EE2C0F154EC95F031A /* [CP] Check Pods Manifest.lock */ = {
			isa = PBXShellScriptBuildPhase;
			buildActionMask = 2147483647;
			files = (
			);
			inputFileListPaths = (
			);
			inputPaths = (
				"${PODS_PODFILE_DIR_PATH}/Podfile.lock",
				"${PODS_ROOT}/Manifest.lock",
			);
			name = "[CP] Check Pods Manifest.lock";
			outputFileListPaths = (
			);
			outputPaths = (
				"$(DERIVED_FILE_DIR)/Pods-GavelGo-checkManifestLockResult.txt",
			);
			runOnlyForDeploymentPostprocessing = 0;
			shellPath = /bin/sh;
			shellScript = "diff \"${PODS_PODFILE_DIR_PATH}/Podfile.lock\" \"${PODS_ROOT}/Manifest.lock\" > /dev/null\nif [ $? != 0 ] ; then\n    # print error to STDERR\n    echo \"error: The sandbox is not in sync with the Podfile.lock. Run 'pod install' or update your CocoaPods installation.\" >&2\n    exit 1\nfi\n# This output is used by Xcode 'outputs' to avoid re-running this script phase.\necho \"SUCCESS\" > \"${SCRIPT_OUTPUT_FILE_0}\"\n";
			showEnvVarsInLog = 0;
		};
		DE09B6B4445C1BBE6827B6A6 /* [CP] Embed Pods Frameworks */ = {
			isa = PBXShellScriptBuildPhase;
			buildActionMask = 2147483647;
			files = (
			);
			inputFileListPaths = (
				"${PODS_ROOT}/Target Support Files/Pods-GavelGo/Pods-GavelGo-frameworks-${CONFIGURATION}-input-files.xcfilelist",
			);
			name = "[CP] Embed Pods Frameworks";
			outputFileListPaths = (
				"${PODS_ROOT}/Target Support Files/Pods-GavelGo/Pods-GavelGo-frameworks-${CONFIGURATION}-output-files.xcfilelist",
			);
			runOnlyForDeploymentPostprocessing = 0;
			shellPath = /bin/sh;
			shellScript = "\"${PODS_ROOT}/Target Support Files/Pods-GavelGo/Pods-GavelGo-frameworks.sh\"\n";
			showEnvVarsInLog = 0;
		};
/* End PBXShellScriptBuildPhase section */

/* Begin PBXSourcesBuildPhase section */
		3D8F592C23AF2D6E00FA5A67 /* Sources */ = {
			isa = PBXSourcesBuildPhase;
			buildActionMask = 2147483647;
			files = (
				3DF3D34623B5520300F3C708 /* AddProductViewController.swift in Sources */,
				3DFF72D523C3CBA60087E034 /* ProductListViewController.swift in Sources */,
				3DDCCB5F23B7CB0600E55E70 /* StructSubCategories.swift in Sources */,
				3D151B7F23B3C025000395C9 /* ForgotPasswordViewController.swift in Sources */,
				3DB5FE4123BAB8B4006D2287 /* SelectCategoryViewController.swift in Sources */,
				3DFBC0C023AF78D7003EF278 /* NotificationViewController.swift in Sources */,
				3D8F593823AF2D6E00FA5A67 /* ViewController.swift in Sources */,
				3DFBC0C923AF7C48003EF278 /* Utils.swift in Sources */,
				3D151B8223B3C205000395C9 /* WebService.swift in Sources */,
				3DB5FE3F23BAAB33006D2287 /* HomeCollectionViewCell.swift in Sources */,
				3DF9153423B3D26200F28F52 /* APIs.swift in Sources */,
				3DDB92E423B8AA6200333E82 /* StructProduct.swift in Sources */,
				3D4B51CE23C7B31A00F32708 /* StructProductForSignUp.swift in Sources */,
				3DD57BF323B15C7900819C4A /* ProductInfoViewController.swift in Sources */,
				3DFBC0C423AF78F9003EF278 /* SettingsViewController.swift in Sources */,
				3DF3D34423B51C9000F3C708 /* JCUIImagePickerManager.swift in Sources */,
				3D8F593423AF2D6E00FA5A67 /* AppDelegate.swift in Sources */,
				3DF3D34223B5188900F3C708 /* PartnerViewController.swift in Sources */,
				3DB5FE3D23BAAB28006D2287 /* HomeViewController.swift in Sources */,
				3DD57BF123B155E000819C4A /* HomeNavigationController.swift in Sources */,
				3DB5FE3623BA9C28006D2287 /* MostPopularViewController.swift in Sources */,
				3DF3D34823B553DC00F3C708 /* StructCategories.swift in Sources */,
				3DB74AA823C5376A00AFF7A2 /* BSAddAddressViewController.swift in Sources */,
				3D004AED23BE681E00755ED1 /* ChatDataSource.swift in Sources */,
				3DB5FE3123BA9735006D2287 /* HomeSearchViewController.swift in Sources */,
				3DB5FE2E23BA95C3006D2287 /* HomePagerViewController.swift in Sources */,
				3D004AEB23BE5E4A00755ED1 /* ChatViewController.swift in Sources */,
				3D151B8423B3C9A7000395C9 /* APIResponseStruct.swift in Sources */,
				3DB5101923B13468007403A7 /* SignUpViewController.swift in Sources */,
				3D004AFE23BE702200755ED1 /* ChatMsgFactory.swift in Sources */,
				3D004AF523BE6DD400755ED1 /* ChatTextMsgModel.swift in Sources */,
				3D004AF123BE6AD700755ED1 /* TextMsgModel.swift in Sources */,
				3D8F593623AF2D6E00FA5A67 /* SceneDelegate.swift in Sources */,
				3DD57BEF23B14D3100819C4A /* ConsumerViewController.swift in Sources */,
				3D004AF323BE6B7E00755ED1 /* BaseMsgModel.swift in Sources */,
				3DFBC0C623AF7981003EF278 /* HomeTabBarViewController.swift in Sources */,
				3D004AEF23BE690B00755ED1 /* SlidingDataSource.swift in Sources */,
				3DFBC0C223AF78E5003EF278 /* MesasgeViewController.swift in Sources */,
				3D004AF723BE6E4F00755ED1 /* ChatMsgSender.swift in Sources */,
				3DB74AA623C5374D00AFF7A2 /* AddressesViewController.swift in Sources */,
				3DC07CF223BD237900CD2E21 /* ChatBaseViewController.swift in Sources */,
				3DFBC0CE23AF8420003EF278 /* HomeStruct.swift in Sources */,
				3DB74AAB23C53CCA00AFF7A2 /* StructAddresses.swift in Sources */,
			);
			runOnlyForDeploymentPostprocessing = 0;
		};
/* End PBXSourcesBuildPhase section */

/* Begin PBXVariantGroup section */
		3D8F593923AF2D6E00FA5A67 /* Main.storyboard */ = {
			isa = PBXVariantGroup;
			children = (
				3D8F593A23AF2D6E00FA5A67 /* Base */,
			);
			name = Main.storyboard;
			sourceTree = "<group>";
		};
		3D8F593E23AF2D6F00FA5A67 /* LaunchScreen.storyboard */ = {
			isa = PBXVariantGroup;
			children = (
				3D8F593F23AF2D6F00FA5A67 /* Base */,
			);
			name = LaunchScreen.storyboard;
			sourceTree = "<group>";
		};
/* End PBXVariantGroup section */

/* Begin XCBuildConfiguration section */
		3D8F594223AF2D6F00FA5A67 /* Debug */ = {
			isa = XCBuildConfiguration;
			buildSettings = {
				ALWAYS_SEARCH_USER_PATHS = NO;
				CLANG_ANALYZER_NONNULL = YES;
				CLANG_ANALYZER_NUMBER_OBJECT_CONVERSION = YES_AGGRESSIVE;
				CLANG_CXX_LANGUAGE_STANDARD = "gnu++14";
				CLANG_CXX_LIBRARY = "libc++";
				CLANG_ENABLE_MODULES = YES;
				CLANG_ENABLE_OBJC_ARC = YES;
				CLANG_ENABLE_OBJC_WEAK = YES;
				CLANG_WARN_BLOCK_CAPTURE_AUTORELEASING = YES;
				CLANG_WARN_BOOL_CONVERSION = YES;
				CLANG_WARN_COMMA = YES;
				CLANG_WARN_CONSTANT_CONVERSION = YES;
				CLANG_WARN_DEPRECATED_OBJC_IMPLEMENTATIONS = YES;
				CLANG_WARN_DIRECT_OBJC_ISA_USAGE = YES_ERROR;
				CLANG_WARN_DOCUMENTATION_COMMENTS = YES;
				CLANG_WARN_EMPTY_BODY = YES;
				CLANG_WARN_ENUM_CONVERSION = YES;
				CLANG_WARN_INFINITE_RECURSION = YES;
				CLANG_WARN_INT_CONVERSION = YES;
				CLANG_WARN_NON_LITERAL_NULL_CONVERSION = YES;
				CLANG_WARN_OBJC_IMPLICIT_RETAIN_SELF = YES;
				CLANG_WARN_OBJC_LITERAL_CONVERSION = YES;
				CLANG_WARN_OBJC_ROOT_CLASS = YES_ERROR;
				CLANG_WARN_RANGE_LOOP_ANALYSIS = YES;
				CLANG_WARN_STRICT_PROTOTYPES = YES;
				CLANG_WARN_SUSPICIOUS_MOVE = YES;
				CLANG_WARN_UNGUARDED_AVAILABILITY = YES_AGGRESSIVE;
				CLANG_WARN_UNREACHABLE_CODE = YES;
				CLANG_WARN__DUPLICATE_METHOD_MATCH = YES;
				COPY_PHASE_STRIP = NO;
				DEBUG_INFORMATION_FORMAT = dwarf;
				ENABLE_STRICT_OBJC_MSGSEND = YES;
				ENABLE_TESTABILITY = YES;
				GCC_C_LANGUAGE_STANDARD = gnu11;
				GCC_DYNAMIC_NO_PIC = NO;
				GCC_NO_COMMON_BLOCKS = YES;
				GCC_OPTIMIZATION_LEVEL = 0;
				GCC_PREPROCESSOR_DEFINITIONS = (
					"DEBUG=1",
					"$(inherited)",
				);
				GCC_WARN_64_TO_32_BIT_CONVERSION = YES;
				GCC_WARN_ABOUT_RETURN_TYPE = YES_ERROR;
				GCC_WARN_UNDECLARED_SELECTOR = YES;
				GCC_WARN_UNINITIALIZED_AUTOS = YES_AGGRESSIVE;
				GCC_WARN_UNUSED_FUNCTION = YES;
				GCC_WARN_UNUSED_VARIABLE = YES;
				IPHONEOS_DEPLOYMENT_TARGET = 13.0;
				MTL_ENABLE_DEBUG_INFO = INCLUDE_SOURCE;
				MTL_FAST_MATH = YES;
				ONLY_ACTIVE_ARCH = YES;
				SDKROOT = iphoneos;
				SWIFT_ACTIVE_COMPILATION_CONDITIONS = DEBUG;
				SWIFT_OPTIMIZATION_LEVEL = "-Onone";
			};
			name = Debug;
		};
		3D8F594323AF2D6F00FA5A67 /* Release */ = {
			isa = XCBuildConfiguration;
			buildSettings = {
				ALWAYS_SEARCH_USER_PATHS = NO;
				CLANG_ANALYZER_NONNULL = YES;
				CLANG_ANALYZER_NUMBER_OBJECT_CONVERSION = YES_AGGRESSIVE;
				CLANG_CXX_LANGUAGE_STANDARD = "gnu++14";
				CLANG_CXX_LIBRARY = "libc++";
				CLANG_ENABLE_MODULES = YES;
				CLANG_ENABLE_OBJC_ARC = YES;
				CLANG_ENABLE_OBJC_WEAK = YES;
				CLANG_WARN_BLOCK_CAPTURE_AUTORELEASING = YES;
				CLANG_WARN_BOOL_CONVERSION = YES;
				CLANG_WARN_COMMA = YES;
				CLANG_WARN_CONSTANT_CONVERSION = YES;
				CLANG_WARN_DEPRECATED_OBJC_IMPLEMENTATIONS = YES;
				CLANG_WARN_DIRECT_OBJC_ISA_USAGE = YES_ERROR;
				CLANG_WARN_DOCUMENTATION_COMMENTS = YES;
				CLANG_WARN_EMPTY_BODY = YES;
				CLANG_WARN_ENUM_CONVERSION = YES;
				CLANG_WARN_INFINITE_RECURSION = YES;
				CLANG_WARN_INT_CONVERSION = YES;
				CLANG_WARN_NON_LITERAL_NULL_CONVERSION = YES;
				CLANG_WARN_OBJC_IMPLICIT_RETAIN_SELF = YES;
				CLANG_WARN_OBJC_LITERAL_CONVERSION = YES;
				CLANG_WARN_OBJC_ROOT_CLASS = YES_ERROR;
				CLANG_WARN_RANGE_LOOP_ANALYSIS = YES;
				CLANG_WARN_STRICT_PROTOTYPES = YES;
				CLANG_WARN_SUSPICIOUS_MOVE = YES;
				CLANG_WARN_UNGUARDED_AVAILABILITY = YES_AGGRESSIVE;
				CLANG_WARN_UNREACHABLE_CODE = YES;
				CLANG_WARN__DUPLICATE_METHOD_MATCH = YES;
				COPY_PHASE_STRIP = NO;
				DEBUG_INFORMATION_FORMAT = "dwarf-with-dsym";
				ENABLE_NS_ASSERTIONS = NO;
				ENABLE_STRICT_OBJC_MSGSEND = YES;
				GCC_C_LANGUAGE_STANDARD = gnu11;
				GCC_NO_COMMON_BLOCKS = YES;
				GCC_WARN_64_TO_32_BIT_CONVERSION = YES;
				GCC_WARN_ABOUT_RETURN_TYPE = YES_ERROR;
				GCC_WARN_UNDECLARED_SELECTOR = YES;
				GCC_WARN_UNINITIALIZED_AUTOS = YES_AGGRESSIVE;
				GCC_WARN_UNUSED_FUNCTION = YES;
				GCC_WARN_UNUSED_VARIABLE = YES;
				IPHONEOS_DEPLOYMENT_TARGET = 13.0;
				MTL_ENABLE_DEBUG_INFO = NO;
				MTL_FAST_MATH = YES;
				SDKROOT = iphoneos;
				SWIFT_COMPILATION_MODE = wholemodule;
				SWIFT_OPTIMIZATION_LEVEL = "-O";
				VALIDATE_PRODUCT = YES;
			};
			name = Release;
		};
		3D8F594523AF2D6F00FA5A67 /* Debug */ = {
			isa = XCBuildConfiguration;
			baseConfigurationReference = 4DEF771AFA9D62E13421F18D /* Pods-GavelGo.debug.xcconfig */;
			buildSettings = {
				ASSETCATALOG_COMPILER_APPICON_NAME = AppIcon;
				CODE_SIGN_STYLE = Automatic;
				DEVELOPMENT_TEAM = B7SJ84S9JU;
				INFOPLIST_FILE = GavelGo/Info.plist;
				LD_RUNPATH_SEARCH_PATHS = (
					"$(inherited)",
					"@executable_path/Frameworks",
				);
				PRODUCT_BUNDLE_IDENTIFIER = com.mobile.GavelGo;
				PRODUCT_NAME = "$(TARGET_NAME)";
				SWIFT_VERSION = 5.0;
				TARGETED_DEVICE_FAMILY = "1,2";
			};
			name = Debug;
		};
		3D8F594623AF2D6F00FA5A67 /* Release */ = {
			isa = XCBuildConfiguration;
			baseConfigurationReference = 1FFE5BC1B03B27533FD460DB /* Pods-GavelGo.release.xcconfig */;
			buildSettings = {
				ASSETCATALOG_COMPILER_APPICON_NAME = AppIcon;
				CODE_SIGN_STYLE = Automatic;
				DEVELOPMENT_TEAM = B7SJ84S9JU;
				INFOPLIST_FILE = GavelGo/Info.plist;
				LD_RUNPATH_SEARCH_PATHS = (
					"$(inherited)",
					"@executable_path/Frameworks",
				);
				PRODUCT_BUNDLE_IDENTIFIER = com.mobile.GavelGo;
				PRODUCT_NAME = "$(TARGET_NAME)";
				SWIFT_VERSION = 5.0;
				TARGETED_DEVICE_FAMILY = "1,2";
			};
			name = Release;
		};
/* End XCBuildConfiguration section */

/* Begin XCConfigurationList section */
		3D8F592B23AF2D6E00FA5A67 /* Build configuration list for PBXProject "GavelGo" */ = {
			isa = XCConfigurationList;
			buildConfigurations = (
				3D8F594223AF2D6F00FA5A67 /* Debug */,
				3D8F594323AF2D6F00FA5A67 /* Release */,
			);
			defaultConfigurationIsVisible = 0;
			defaultConfigurationName = Release;
		};
		3D8F594423AF2D6F00FA5A67 /* Build configuration list for PBXNativeTarget "GavelGo" */ = {
			isa = XCConfigurationList;
			buildConfigurations = (
				3D8F594523AF2D6F00FA5A67 /* Debug */,
				3D8F594623AF2D6F00FA5A67 /* Release */,
			);
			defaultConfigurationIsVisible = 0;
			defaultConfigurationName = Release;
		};
/* End XCConfigurationList section */
	};
	rootObject = 3D8F592823AF2D6E00FA5A67 /* Project object */;
}
